
Microsoft Visual Studio Solution File, Format Version 12.00
# Visual Studio Version 16
VisualStudioVersion = 16.0.33423.256
MinimumVisualStudioVersion = 10.0.40219.1
Project("{FAE04EC0-301F-11D3-BF4B-00C04F79EFBC}") = "79_NguyenVietKham_BaoCao_KTPM", "79_NguyenVietKham_BaoCao_KTPM\79_NguyenVietKham_BaoCao_KTPM.csproj", "{F49838F7-E2AC-4B22-A132-9BEDB179C2F5}"
EndProject
Project("{FAE04EC0-301F-11D3-BF4B-00C04F79EFBC}") = "Tester_BMI_79_NguyenVietKham", "Tester_BMI_79_NguyenVietKham\Tester_BMI_79_NguyenVietKham.csproj", "{6AE41EFC-91BF-4631-9E67-293D4519D708}"
EndProject
Project("{FAE04EC0-301F-11D3-BF4B-00C04F79EFBC}") = "Test_UpPic_Video_79_kham", "Test_UpPic_Video_79_kham\Test_UpPic_Video_79_kham.csproj", "{FDA871E8-AA5B-41C2-A862-6ECA97486929}"
EndProject
Global
	GlobalSection(SolutionConfigurationPlatforms) = preSolution
		Debug|Any CPU = Debug|Any CPU
		Release|Any CPU = Release|Any CPU
	EndGlobalSection
	GlobalSection(ProjectConfigurationPlatforms) = postSolution
		{F49838F7-E2AC-4B22-A132-9BEDB179C2F5}.Debug|Any CPU.ActiveCfg = Debug|Any CPU
		{F49838F7-E2AC-4B22-A132-9BEDB179C2F5}.Debug|Any CPU.Build.0 = Debug|Any CPU
		{F49838F7-E2AC-4B22-A132-9BEDB179C2F5}.Release|Any CPU.ActiveCfg = Release|Any CPU
		{F49838F7-E2AC-4B22-A132-9BEDB179C2F5}.Release|Any CPU.Build.0 = Release|Any CPU
		{6AE41EFC-91BF-4631-9E67-293D4519D708}.Debug|Any CPU.ActiveCfg = Debug|Any CPU
		{6AE41EFC-91BF-4631-9E67-293D4519D708}.Debug|Any CPU.Build.0 = Debug|Any CPU
		{6AE41EFC-91BF-4631-9E67-293D4519D708}.Release|Any CPU.ActiveCfg = Release|Any CPU
		{6AE41EFC-91BF-4631-9E67-293D4519D708}.Release|Any CPU.Build.0 = Release|Any CPU
		{FDA871E8-AA5B-41C2-A862-6ECA97486929}.Debug|Any CPU.ActiveCfg = Debug|Any CPU
		{FDA871E8-AA5B-41C2-A862-6ECA97486929}.Debug|Any CPU.Build.0 = Debug|Any CPU
		{FDA871E8-AA5B-41C2-A862-6ECA97486929}.Release|Any CPU.ActiveCfg = Release|Any CPU
		{FDA871E8-AA5B-41C2-A862-6ECA97486929}.Release|Any CPU.Build.0 = Release|Any CPU
	EndGlobalSection
	GlobalSection(SolutionProperties) = preSolution
		HideSolutionNode = FALSE
	EndGlobalSection
	GlobalSection(ExtensibilityGlobals) = postSolution
		SolutionGuid = {C5C0C28A-31A9-4C24-9959-436A4C28BA52}
	EndGlobalSection
EndGlobal
